
Microsoft Visual Studio Solution File, Format Version 12.00
# Visual Studio Version 17
VisualStudioVersion = 17.4.33103.184
MinimumVisualStudioVersion = 10.0.40219.1
Project("{FAE04EC0-301F-11D3-BF4B-00C04F79EFBC}") = "blazorApp", "blazorApp\blazorApp.csproj", "{18492E1D-9CA7-404C-829D-29947E6EC778}"
EndProject
Global
	GlobalSection(SolutionConfigurationPlatforms) = preSolution
		Debug|Any CPU = Debug|Any CPU
		Release|Any CPU = Release|Any CPU
	EndGlobalSection
	GlobalSection(ProjectConfigurationPlatforms) = postSolution
		{18492E1D-9CA7-404C-829D-29947E6EC778}.Debug|Any CPU.ActiveCfg = Debug|Any CPU
		{18492E1D-9CA7-404C-829D-29947E6EC778}.Debug|Any CPU.Build.0 = Debug|Any CPU
		{18492E1D-9CA7-404C-829D-29947E6EC778}.Release|Any CPU.ActiveCfg = Release|Any CPU
		{18492E1D-9CA7-404C-829D-29947E6EC778}.Release|Any CPU.Build.0 = Release|Any CPU
	EndGlobalSection
	GlobalSection(SolutionProperties) = preSolution
		HideSolutionNode = FALSE
	EndGlobalSection
	GlobalSection(ExtensibilityGlobals) = postSolution
		SolutionGuid = {12217DB8-2F59-4687-BAE9-53FAE44855AC}
	EndGlobalSection
EndGlobal
